
Microsoft Visual Studio Solution File, Format Version 12.00
# Visual Studio 15
VisualStudioVersion = 15.0.28307.168
MinimumVisualStudioVersion = 10.0.40219.1
Project("{FAE04EC0-301F-11D3-BF4B-00C04F79EFBC}") = "andyCalcApp", "andyCalcApp\andyCalcApp.csproj", "{9AC4353E-1A78-429A-88E8-37C38BBAAB4A}"
EndProject
Project("{FAE04EC0-301F-11D3-BF4B-00C04F79EFBC}") = "andyCalcApp.Tests", "andyCalcApp.Tests\andyCalcApp.Tests.csproj", "{22608A4D-9D6E-44B9-907E-D3FC50B07CED}"
EndProject
Global
	GlobalSection(SolutionConfigurationPlatforms) = preSolution
		Debug|Any CPU = Debug|Any CPU
		Release|Any CPU = Release|Any CPU
	EndGlobalSection
	GlobalSection(ProjectConfigurationPlatforms) = postSolution
		{9AC4353E-1A78-429A-88E8-37C38BBAAB4A}.Debug|Any CPU.ActiveCfg = Debug|Any CPU
		{9AC4353E-1A78-429A-88E8-37C38BBAAB4A}.Debug|Any CPU.Build.0 = Debug|Any CPU
		{9AC4353E-1A78-429A-88E8-37C38BBAAB4A}.Release|Any CPU.ActiveCfg = Release|Any CPU
		{9AC4353E-1A78-429A-88E8-37C38BBAAB4A}.Release|Any CPU.Build.0 = Release|Any CPU
		{22608A4D-9D6E-44B9-907E-D3FC50B07CED}.Debug|Any CPU.ActiveCfg = Debug|Any CPU
		{22608A4D-9D6E-44B9-907E-D3FC50B07CED}.Debug|Any CPU.Build.0 = Debug|Any CPU
		{22608A4D-9D6E-44B9-907E-D3FC50B07CED}.Release|Any CPU.ActiveCfg = Release|Any CPU
		{22608A4D-9D6E-44B9-907E-D3FC50B07CED}.Release|Any CPU.Build.0 = Release|Any CPU
	EndGlobalSection
	GlobalSection(SolutionProperties) = preSolution
		HideSolutionNode = FALSE
	EndGlobalSection
	GlobalSection(ExtensibilityGlobals) = postSolution
		SolutionGuid = {E9DED326-1CA9-4568-A480-2EEE6BF903F0}
	EndGlobalSection
EndGlobal
